
Microsoft Visual Studio Solution File, Format Version 12.00
# Visual Studio Version 16
VisualStudioVersion = 16.0.29201.188
MinimumVisualStudioVersion = 10.0.40219.1
Project("{FAE04EC0-301F-11D3-BF4B-00C04F79EFBC}") = "Sandbox", "Sandbox\Sandbox.csproj", "{89B4129B-C7FA-40D1-8392-988B0668EFEE}"
EndProject
Project("{FAE04EC0-301F-11D3-BF4B-00C04F79EFBC}") = "Sandbox.Lib", "Sandbox.Lib\Sandbox.Lib.csproj", "{02BE6876-4DFA-4A18-AB37-58605C871EA5}"
EndProject
Global
	GlobalSection(SolutionConfigurationPlatforms) = preSolution
		Debug|Any CPU = Debug|Any CPU
		Release|Any CPU = Release|Any CPU
	EndGlobalSection
	GlobalSection(ProjectConfigurationPlatforms) = postSolution
		{89B4129B-C7FA-40D1-8392-988B0668EFEE}.Debug|Any CPU.ActiveCfg = Debug|Any CPU
		{89B4129B-C7FA-40D1-8392-988B0668EFEE}.Debug|Any CPU.Build.0 = Debug|Any CPU
		{89B4129B-C7FA-40D1-8392-988B0668EFEE}.Release|Any CPU.ActiveCfg = Release|Any CPU
		{89B4129B-C7FA-40D1-8392-988B0668EFEE}.Release|Any CPU.Build.0 = Release|Any CPU
		{02BE6876-4DFA-4A18-AB37-58605C871EA5}.Debug|Any CPU.ActiveCfg = Debug|Any CPU
		{02BE6876-4DFA-4A18-AB37-58605C871EA5}.Debug|Any CPU.Build.0 = Debug|Any CPU
		{02BE6876-4DFA-4A18-AB37-58605C871EA5}.Release|Any CPU.ActiveCfg = Release|Any CPU
		{02BE6876-4DFA-4A18-AB37-58605C871EA5}.Release|Any CPU.Build.0 = Release|Any CPU
	EndGlobalSection
	GlobalSection(SolutionProperties) = preSolution
		HideSolutionNode = FALSE
	EndGlobalSection
	GlobalSection(ExtensibilityGlobals) = postSolution
		SolutionGuid = {074AE375-243B-4787-A827-074875A5BA8F}
	EndGlobalSection
EndGlobal
